{
    "_readme": [
        "This file locks the dependencies of your project to a known state",
        "Read more about it at https://getcomposer.org/doc/01-basic-usage.md#installing-dependencies",
        "This file is @generated automatically"
    ],
    "content-hash": "2baa8d0a70a83de561d52bc3dca7cd1e",
    "packages": [
        {
            "name": "ponyform/plugin-contract",
            "version": "v0.0.0",
            "dist": {
                "type": "path",
                "url": "../../packages/PluginContract",
                "reference": "f6d2a1da2265b61be477bc3d0b97dd3e6b46200a"
            },
            "type": "library",
            "autoload": {
                "psr-4": {
                    "PonyForm\\PluginContract\\": ""
                }
            },
            "license": [
                "proprietary"
            ],
            "authors": [
                {
                    "name": "Andreas Mischke",
                    "email": "andreas@mischke.me"
                }
            ],
            "description": "PonyForm Plugin Contracts",
            "transport-options": {
                "relative": true
            }
        }
    ],
    "packages-dev": [],
    "aliases": [],
    "minimum-stability": "stable",
    "stability-flags": [],
    "prefer-stable": false,
    "prefer-lowest": false,
    "platform": [],
    "platform-dev": [],
    "plugin-api-version": "2.3.0"
}
